// !$*UTF8*$!
{
	archiveVersion = 1;
	classes = {
	};
	objectVersion = 56;
	objects = {

/* Begin PBXBuildFile section */
		C42FDB972B9E192A00C8E5DD /* QuadraticViewController.swift in Sources */ = {isa = PBXBuildFile; fileRef = C42FDB962B9E192A00C8E5DD /* QuadraticViewController.swift */; };
		C49D583E2B9B801A0059ADCC /* AppDelegate.swift in Sources */ = {isa = PBXBuildFile; fileRef = C49D583D2B9B801A0059ADCC /* AppDelegate.swift */; };
		C49D58402B9B801A0059ADCC /* SceneDelegate.swift in Sources */ = {isa = PBXBuildFile; fileRef = C49D583F2B9B801A0059ADCC /* SceneDelegate.swift */; };
		C49D58422B9B801A0059ADCC /* CanadaViewController.swift in Sources */ = {isa = PBXBuildFile; fileRef = C49D58412B9B801A0059ADCC /* CanadaViewController.swift */; };
		C49D58452B9B801A0059ADCC /* Main.storyboard in Resources */ = {isa = PBXBuildFile; fileRef = C49D58432B9B801A0059ADCC /* Main.storyboard */; };
		C49D58472B9B801B0059ADCC /* Assets.xcassets in Resources */ = {isa = PBXBuildFile; fileRef = C49D58462B9B801B0059ADCC /* Assets.xcassets */; };
		C49D584A2B9B801B0059ADCC /* LaunchScreen.storyboard in Resources */ = {isa = PBXBuildFile; fileRef = C49D58482B9B801B0059ADCC /* LaunchScreen.storyboard */; };
		C4B37E272B9F9195000937F9 /* Lab2ViewController.swift in Sources */ = {isa = PBXBuildFile; fileRef = C4B37E262B9F9195000937F9 /* Lab2ViewController.swift */; };
		C4B37E292B9F91F2000937F9 /* Lab3.swift in Sources */ = {isa = PBXBuildFile; fileRef = C4B37E282B9F91F2000937F9 /* Lab3.swift */; };
/* End PBXBuildFile section */

/* Begin PBXFileReference section */
		C42FDB962B9E192A00C8E5DD /* QuadraticViewController.swift */ = {isa = PBXFileReference; lastKnownFileType = sourcecode.swift; path = QuadraticViewController.swift; sourceTree = "<group>"; };
		C49D583A2B9B801A0059ADCC /* Shahanaa_Arulanandan_MT_8967513.app */ = {isa = PBXFileReference; explicitFileType = wrapper.application; includeInIndex = 0; path = Shahanaa_Arulanandan_MT_8967513.app; sourceTree = BUILT_PRODUCTS_DIR; };
		C49D583D2B9B801A0059ADCC /* AppDelegate.swift */ = {isa = PBXFileReference; lastKnownFileType = sourcecode.swift; path = AppDelegate.swift; sourceTree = "<group>"; };
		C49D583F2B9B801A0059ADCC /* SceneDelegate.swift */ = {isa = PBXFileReference; lastKnownFileType = sourcecode.swift; path = SceneDelegate.swift; sourceTree = "<group>"; };
		C49D58412B9B801A0059ADCC /* CanadaViewController.swift */ = {isa = PBXFileReference; lastKnownFileType = sourcecode.swift; path = CanadaViewController.swift; sourceTree = "<group>"; };
		C49D58442B9B801A0059ADCC /* Base */ = {isa = PBXFileReference; lastKnownFileType = file.storyboard; name = Base; path = Base.lproj/Main.storyboard; sourceTree = "<group>"; };
		C49D58462B9B801B0059ADCC /* Assets.xcassets */ = {isa = PBXFileReference; lastKnownFileType = folder.assetcatalog; path = Assets.xcassets; sourceTree = "<group>"; };
		C49D58492B9B801B0059ADCC /* Base */ = {isa = PBXFileReference; lastKnownFileType = file.storyboard; name = Base; path = Base.lproj/LaunchScreen.storyboard; sourceTree = "<group>"; };
		C49D584B2B9B801B0059ADCC /* Info.plist */ = {isa = PBXFileReference; lastKnownFileType = text.plist.xml; path = Info.plist; sourceTree = "<group>"; };
		C4B37E262B9F9195000937F9 /* Lab2ViewController.swift */ = {isa = PBXFileReference; lastKnownFileType = sourcecode.swift; path = Lab2ViewController.swift; sourceTree = "<group>"; };
		C4B37E282B9F91F2000937F9 /* Lab3.swift */ = {isa = PBXFileReference; lastKnownFileType = sourcecode.swift; path = Lab3.swift; sourceTree = "<group>"; };
/* End PBXFileReference section */

/* Begin PBXFrameworksBuildPhase section */
		C49D58372B9B801A0059ADCC /* Frameworks */ = {
			isa = PBXFrameworksBuildPhase;
			buildActionMask = 2147483647;
			files = (
			);
			runOnlyForDeploymentPostprocessing = 0;
		};
/* End PBXFrameworksBuildPhase section */

/* Begin PBXGroup section */
		C49D58312B9B801A0059ADCC = {
			isa = PBXGroup;
			children = (
				C49D583C2B9B801A0059ADCC /* Shahanaa_Arulanandan_MT_8967513 */,
				C49D583B2B9B801A0059ADCC /* Products */,
			);
			sourceTree = "<group>";
		};
		C49D583B2B9B801A0059ADCC /* Products */ = {
			isa = PBXGroup;
			children = (
				C49D583A2B9B801A0059ADCC /* Shahanaa_Arulanandan_MT_8967513.app */,
			);
			name = Products;
			sourceTree = "<group>";
		};
		C49D583C2B9B801A0059ADCC /* Shahanaa_Arulanandan_MT_8967513 */ = {
			isa = PBXGroup;
			children = (
				C49D583D2B9B801A0059ADCC /* AppDelegate.swift */,
				C4B37E262B9F9195000937F9 /* Lab2ViewController.swift */,
				C49D583F2B9B801A0059ADCC /* SceneDelegate.swift */,
				C49D58412B9B801A0059ADCC /* CanadaViewController.swift */,
				C49D58432B9B801A0059ADCC /* Main.storyboard */,
				C4B37E282B9F91F2000937F9 /* Lab3.swift */,
				C42FDB962B9E192A00C8E5DD /* QuadraticViewController.swift */,
				C49D58462B9B801B0059ADCC /* Assets.xcassets */,
				C49D58482B9B801B0059ADCC /* LaunchScreen.storyboard */,
				C49D584B2B9B801B0059ADCC /* Info.plist */,
			);
			path = Shahanaa_Arulanandan_MT_8967513;
			sourceTree = "<group>";
		};
/* End PBXGroup section */

/* Begin PBXNativeTarget section */
		C49D58392B9B801A0059ADCC /* Shahanaa_Arulanandan_MT_8967513 */ = {
			isa = PBXNativeTarget;
			buildConfigurationList = C49D584E2B9B801B0059ADCC /* Build configuration list for PBXNativeTarget "Shahanaa_Arulanandan_MT_8967513" */;
			buildPhases = (
				C49D58362B9B801A0059ADCC /* Sources */,
				C49D58372B9B801A0059ADCC /* Frameworks */,
				C49D58382B9B801A0059ADCC /* Resources */,
			);
			buildRules = (
			);
			dependencies = (
			);
			name = Shahanaa_Arulanandan_MT_8967513;
			productName = Shahanaa_Arulanandan_MT_8967513;
			productReference = C49D583A2B9B801A0059ADCC /* Shahanaa_Arulanandan_MT_8967513.app */;
			productType = "com.apple.product-type.application";
		};
/* End PBXNativeTarget section */

/* Begin PBXProject section */
		C49D58322B9B801A0059ADCC /* Project object */ = {
			isa = PBXProject;
			attributes = {
				BuildIndependentTargetsInParallel = 1;
				LastSwiftUpdateCheck = 1520;
				LastUpgradeCheck = 1520;
				TargetAttributes = {
					C49D58392B9B801A0059ADCC = {
						CreatedOnToolsVersion = 15.2;
					};
				};
			};
			buildConfigurationList = C49D58352B9B801A0059ADCC /* Build configuration list for PBXProject "Shahanaa_Arulanandan_MT_8967513" */;
			compatibilityVersion = "Xcode 14.0";
			developmentRegion = en;
			hasScannedForEncodings = 0;
			knownRegions = (
				en,
				Base,
			);
			mainGroup = C49D58312B9B801A0059ADCC;
			productRefGroup = C49D583B2B9B801A0059ADCC /* Products */;
			projectDirPath = "";
			projectRoot = "";
			targets = (
				C49D58392B9B801A0059ADCC /* Shahanaa_Arulanandan_MT_8967513 */,
			);
		};
/* End PBXProject section */

/* Begin PBXResourcesBuildPhase section */
		C49D58382B9B801A0059ADCC /* Resources */ = {
			isa = PBXResourcesBuildPhase;
			buildActionMask = 2147483647;
			files = (
				C49D584A2B9B801B0059ADCC /* LaunchScreen.storyboard in Resources */,
				C49D58472B9B801B0059ADCC /* Assets.xcassets in Resources */,
				C49D58452B9B801A0059ADCC /* Main.storyboard in Resources */,
			);
			runOnlyForDeploymentPostprocessing = 0;
		};
/* End PBXResourcesBuildPhase section */

/* Begin PBXSourcesBuildPhase section */
		C49D58362B9B801A0059ADCC /* Sources */ = {
			isa = PBXSourcesBuildPhase;
			buildActionMask = 2147483647;
			files = (
				C42FDB972B9E192A00C8E5DD /* QuadraticViewController.swift in Sources */,
				C49D58422B9B801A0059ADCC /* CanadaViewController.swift in Sources */,
				C49D583E2B9B801A0059ADCC /* AppDelegate.swift in Sources */,
				C49D58402B9B801A0059ADCC /* SceneDelegate.swift in Sources */,
				C4B37E272B9F9195000937F9 /* Lab2ViewController.swift in Sources */,
				C4B37E292B9F91F2000937F9 /* Lab3.swift in Sources */,
			);
			runOnlyForDeploymentPostprocessing = 0;
		};
/* End PBXSourcesBuildPhase section */

/* Begin PBXVariantGroup section */
		C49D58432B9B801A0059ADCC /* Main.storyboard */ = {
			isa = PBXVariantGroup;
			children = (
				C49D58442B9B801A0059ADCC /* Base */,
			);
			name = Main.storyboard;
			sourceTree = "<group>";
		};
		C49D58482B9B801B0059ADCC /* LaunchScreen.storyboard */ = {
			isa = PBXVariantGroup;
			children = (
				C49D58492B9B801B0059ADCC /* Base */,
			);
			name = LaunchScreen.storyboard;
			sourceTree = "<group>";
		};
/* End PBXVariantGroup section */

/* Begin XCBuildConfiguration section */
		C49D584C2B9B801B0059ADCC /* Debug */ = {
			isa = XCBuildConfiguration;
			buildSettings = {
				ALWAYS_SEARCH_USER_PATHS = NO;
				ASSETCATALOG_COMPILER_GENERATE_SWIFT_ASSET_SYMBOL_EXTENSIONS = YES;
				CLANG_ANALYZER_NONNULL = YES;
				CLANG_ANALYZER_NUMBER_OBJECT_CONVERSION = YES_AGGRESSIVE;
				CLANG_CXX_LANGUAGE_STANDARD = "gnu++20";
				CLANG_ENABLE_MODULES = YES;
				CLANG_ENABLE_OBJC_ARC = YES;
				CLANG_ENABLE_OBJC_WEAK = YES;
				CLANG_WARN_BLOCK_CAPTURE_AUTORELEASING = YES;
				CLANG_WARN_BOOL_CONVERSION = YES;
				CLANG_WARN_COMMA = YES;
				CLANG_WARN_CONSTANT_CONVERSION = YES;
				CLANG_WARN_DEPRECATED_OBJC_IMPLEMENTATIONS = YES;
				CLANG_WARN_DIRECT_OBJC_ISA_USAGE = YES_ERROR;
				CLANG_WARN_DOCUMENTATION_COMMENTS = YES;
				CLANG_WARN_EMPTY_BODY = YES;
				CLANG_WARN_ENUM_CONVERSION = YES;
				CLANG_WARN_INFINITE_RECURSION = YES;
				CLANG_WARN_INT_CONVERSION = YES;
				CLANG_WARN_NON_LITERAL_NULL_CONVERSION = YES;
				CLANG_WARN_OBJC_IMPLICIT_RETAIN_SELF = YES;
				CLANG_WARN_OBJC_LITERAL_CONVERSION = YES;
				CLANG_WARN_OBJC_ROOT_CLASS = YES_ERROR;
				CLANG_WARN_QUOTED_INCLUDE_IN_FRAMEWORK_HEADER = YES;
				CLANG_WARN_RANGE_LOOP_ANALYSIS = YES;
				CLANG_WARN_STRICT_PROTOTYPES = YES;
				CLANG_WARN_SUSPICIOUS_MOVE = YES;
				CLANG_WARN_UNGUARDED_AVAILABILITY = YES_AGGRESSIVE;
				CLANG_WARN_UNREACHABLE_CODE = YES;
				CLANG_WARN__DUPLICATE_METHOD_MATCH = YES;
				COPY_PHASE_STRIP = NO;
				DEBUG_INFORMATION_FORMAT = dwarf;
				ENABLE_STRICT_OBJC_MSGSEND = YES;
				ENABLE_TESTABILITY = YES;
				ENABLE_USER_SCRIPT_SANDBOXING = YES;
				GCC_C_LANGUAGE_STANDARD = gnu17;
				GCC_DYNAMIC_NO_PIC = NO;
				GCC_NO_COMMON_BLOCKS = YES;
				GCC_OPTIMIZATION_LEVEL = 0;
				GCC_PREPROCESSOR_DEFINITIONS = (
					"DEBUG=1",
					"$(inherited)",
				);
				GCC_WARN_64_TO_32_BIT_CONVERSION = YES;
				GCC_WARN_ABOUT_RETURN_TYPE = YES_ERROR;
				GCC_WARN_UNDECLARED_SELECTOR = YES;
				GCC_WARN_UNINITIALIZED_AUTOS = YES_AGGRESSIVE;
				GCC_WARN_UNUSED_FUNCTION = YES;
				GCC_WARN_UNUSED_VARIABLE = YES;
				IPHONEOS_DEPLOYMENT_TARGET = 17.2;
				LOCALIZATION_PREFERS_STRING_CATALOGS = YES;
				MTL_ENABLE_DEBUG_INFO = INCLUDE_SOURCE;
				MTL_FAST_MATH = YES;
				ONLY_ACTIVE_ARCH = YES;
				SDKROOT = iphoneos;
				SWIFT_ACTIVE_COMPILATION_CONDITIONS = "DEBUG $(inherited)";
				SWIFT_OPTIMIZATION_LEVEL = "-Onone";
			};
			name = Debug;
		};
		C49D584D2B9B801B0059ADCC /* Release */ = {
			isa = XCBuildConfiguration;
			buildSettings = {
				ALWAYS_SEARCH_USER_PATHS = NO;
				ASSETCATALOG_COMPILER_GENERATE_SWIFT_ASSET_SYMBOL_EXTENSIONS = YES;
				CLANG_ANALYZER_NONNULL = YES;
				CLANG_ANALYZER_NUMBER_OBJECT_CONVERSION = YES_AGGRESSIVE;
				CLANG_CXX_LANGUAGE_STANDARD = "gnu++20";
				CLANG_ENABLE_MODULES = YES;
				CLANG_ENABLE_OBJC_ARC = YES;
				CLANG_ENABLE_OBJC_WEAK = YES;
				CLANG_WARN_BLOCK_CAPTURE_AUTORELEASING = YES;
				CLANG_WARN_BOOL_CONVERSION = YES;
				CLANG_WARN_COMMA = YES;
				CLANG_WARN_CONSTANT_CONVERSION = YES;
				CLANG_WARN_DEPRECATED_OBJC_IMPLEMENTATIONS = YES;
				CLANG_WARN_DIRECT_OBJC_ISA_USAGE = YES_ERROR;
				CLANG_WARN_DOCUMENTATION_COMMENTS = YES;
				CLANG_WARN_EMPTY_BODY = YES;
				CLANG_WARN_ENUM_CONVERSION = YES;
				CLANG_WARN_INFINITE_RECURSION = YES;
				CLANG_WARN_INT_CONVERSION = YES;
				CLANG_WARN_NON_LITERAL_NULL_CONVERSION = YES;
				CLANG_WARN_OBJC_IMPLICIT_RETAIN_SELF = YES;
				CLANG_WARN_OBJC_LITERAL_CONVERSION = YES;
				CLANG_WARN_OBJC_ROOT_CLASS = YES_ERROR;
				CLANG_WARN_QUOTED_INCLUDE_IN_FRAMEWORK_HEADER = YES;
				CLANG_WARN_RANGE_LOOP_ANALYSIS = YES;
				CLANG_WARN_STRICT_PROTOTYPES = YES;
				CLANG_WARN_SUSPICIOUS_MOVE = YES;
				CLANG_WARN_UNGUARDED_AVAILABILITY = YES_AGGRESSIVE;
				CLANG_WARN_UNREACHABLE_CODE = YES;
				CLANG_WARN__DUPLICATE_METHOD_MATCH = YES;
				COPY_PHASE_STRIP = NO;
				DEBUG_INFORMATION_FORMAT = "dwarf-with-dsym";
				ENABLE_NS_ASSERTIONS = NO;
				ENABLE_STRICT_OBJC_MSGSEND = YES;
				ENABLE_USER_SCRIPT_SANDBOXING = YES;
				GCC_C_LANGUAGE_STANDARD = gnu17;
				GCC_NO_COMMON_BLOCKS = YES;
				GCC_WARN_64_TO_32_BIT_CONVERSION = YES;
				GCC_WARN_ABOUT_RETURN_TYPE = YES_ERROR;
				GCC_WARN_UNDECLARED_SELECTOR = YES;
				GCC_WARN_UNINITIALIZED_AUTOS = YES_AGGRESSIVE;
				GCC_WARN_UNUSED_FUNCTION = YES;
				GCC_WARN_UNUSED_VARIABLE = YES;
				IPHONEOS_DEPLOYMENT_TARGET = 17.2;
				LOCALIZATION_PREFERS_STRING_CATALOGS = YES;
				MTL_ENABLE_DEBUG_INFO = NO;
				MTL_FAST_MATH = YES;
				SDKROOT = iphoneos;
				SWIFT_COMPILATION_MODE = wholemodule;
				VALIDATE_PRODUCT = YES;
			};
			name = Release;
		};
		C49D584F2B9B801B0059ADCC /* Debug */ = {
			isa = XCBuildConfiguration;
			buildSettings = {
				ASSETCATALOG_COMPILER_APPICON_NAME = AppIcon;
				ASSETCATALOG_COMPILER_GLOBAL_ACCENT_COLOR_NAME = AccentColor;
				CODE_SIGN_STYLE = Automatic;
				CURRENT_PROJECT_VERSION = 1;
				GENERATE_INFOPLIST_FILE = YES;
				INFOPLIST_FILE = Shahanaa_Arulanandan_MT_8967513/Info.plist;
				INFOPLIST_KEY_UIApplicationSupportsIndirectInputEvents = YES;
				INFOPLIST_KEY_UILaunchStoryboardName = LaunchScreen;
				INFOPLIST_KEY_UIMainStoryboardFile = Main;
				INFOPLIST_KEY_UIStatusBarStyle = "";
				INFOPLIST_KEY_UISupportedInterfaceOrientations = UIInterfaceOrientationPortrait;
				INFOPLIST_KEY_UISupportedInterfaceOrientations_iPad = "UIInterfaceOrientationLandscapeLeft UIInterfaceOrientationLandscapeRight UIInterfaceOrientationPortrait UIInterfaceOrientationPortraitUpsideDown";
				IPHONEOS_DEPLOYMENT_TARGET = 16.1;
				LD_RUNPATH_SEARCH_PATHS = (
					"$(inherited)",
					"@executable_path/Frameworks",
				);
				MARKETING_VERSION = 1.0;
				PRODUCT_BUNDLE_IDENTIFIER = "com.conestoga.Shahanaa-Arulanandan-MT-8967513";
				PRODUCT_NAME = "$(TARGET_NAME)";
				SUPPORTED_PLATFORMS = "iphoneos iphonesimulator";
				SUPPORTS_MACCATALYST = NO;
				SUPPORTS_MAC_DESIGNED_FOR_IPHONE_IPAD = NO;
				SUPPORTS_XR_DESIGNED_FOR_IPHONE_IPAD = NO;
				SWIFT_EMIT_LOC_STRINGS = YES;
				SWIFT_VERSION = 5.0;
				TARGETED_DEVICE_FAMILY = 1;
			};
			name = Debug;
		};
		C49D58502B9B801B0059ADCC /* Release */ = {
			isa = XCBuildConfiguration;
			buildSettings = {
				ASSETCATALOG_COMPILER_APPICON_NAME = AppIcon;
				ASSETCATALOG_COMPILER_GLOBAL_ACCENT_COLOR_NAME = AccentColor;
				CODE_SIGN_STYLE = Automatic;
				CURRENT_PROJECT_VERSION = 1;
				GENERATE_INFOPLIST_FILE = YES;
				INFOPLIST_FILE = Shahanaa_Arulanandan_MT_8967513/Info.plist;
				INFOPLIST_KEY_UIApplicationSupportsIndirectInputEvents = YES;
				INFOPLIST_KEY_UILaunchStoryboardName = LaunchScreen;
				INFOPLIST_KEY_UIMainStoryboardFile = Main;
				INFOPLIST_KEY_UIStatusBarStyle = "";
				INFOPLIST_KEY_UISupportedInterfaceOrientations = UIInterfaceOrientationPortrait;
				INFOPLIST_KEY_UISupportedInterfaceOrientations_iPad = "UIInterfaceOrientationLandscapeLeft UIInterfaceOrientationLandscapeRight UIInterfaceOrientationPortrait UIInterfaceOrientationPortraitUpsideDown";
				IPHONEOS_DEPLOYMENT_TARGET = 16.1;
				LD_RUNPATH_SEARCH_PATHS = (
					"$(inherited)",
					"@executable_path/Frameworks",
				);
				MARKETING_VERSION = 1.0;
				PRODUCT_BUNDLE_IDENTIFIER = "com.conestoga.Shahanaa-Arulanandan-MT-8967513";
				PRODUCT_NAME = "$(TARGET_NAME)";
				SUPPORTED_PLATFORMS = "iphoneos iphonesimulator";
				SUPPORTS_MACCATALYST = NO;
				SUPPORTS_MAC_DESIGNED_FOR_IPHONE_IPAD = NO;
				SUPPORTS_XR_DESIGNED_FOR_IPHONE_IPAD = NO;
				SWIFT_EMIT_LOC_STRINGS = YES;
				SWIFT_VERSION = 5.0;
				TARGETED_DEVICE_FAMILY = 1;
			};
			name = Release;
		};
/* End XCBuildConfiguration section */

/* Begin XCConfigurationList section */
		C49D58352B9B801A0059ADCC /* Build configuration list for PBXProject "Shahanaa_Arulanandan_MT_8967513" */ = {
			isa = XCConfigurationList;
			buildConfigurations = (
				C49D584C2B9B801B0059ADCC /* Debug */,
				C49D584D2B9B801B0059ADCC /* Release */,
			);
			defaultConfigurationIsVisible = 0;
			defaultConfigurationName = Release;
		};
		C49D584E2B9B801B0059ADCC /* Build configuration list for PBXNativeTarget "Shahanaa_Arulanandan_MT_8967513" */ = {
			isa = XCConfigurationList;
			buildConfigurations = (
				C49D584F2B9B801B0059ADCC /* Debug */,
				C49D58502B9B801B0059ADCC /* Release */,
			);
			defaultConfigurationIsVisible = 0;
			defaultConfigurationName = Release;
		};
/* End XCConfigurationList section */
	};
	rootObject = C49D58322B9B801A0059ADCC /* Project object */;
}
